{
  "name": "launch-rs",
  "version": "0.0.1-snapshot",
  "lockfileVersion": 3,
  "requires": true,
  "packages": {
    "": {
      "name": "launch-rs",
      "version": "0.0.1-snapshot",
      "dependencies": {
        "@tailwindcss/vite": "^4.1.4",
        "@tauri-apps/api": "^2",
        "@tauri-apps/plugin-opener": "^2",
        "@vueuse/core": "^13.1.0",
        "class-variance-authority": "^0.7.1",
        "clsx": "^2.1.1",
        "lucide-vue-next": "^0.503.0",
        "pinia": "^3.0.2",
        "pinia-plugin-persistedstate": "^4.2.0",
        "reka-ui": "^2.2.0",
        "tailwind-merge": "^3.2.0",
        "tailwindcss": "^4.1.4",
        "tw-animate-css": "^1.2.8",
        "vue": "^3.5.13",
        "vue-i18n": "^9.14.4",
        "vue-router": "^4.5.1"
      },
      "devDependencies": {
        "@tauri-apps/cli": "^2",
        "@types/node": "^22.15.3",
        "@types/vue-router": "^2.0.0",
        "@vitejs/plugin-vue": "^5.2.1",
        "typescript": "~5.8.3",
        "vite": "^6.0.3",
        "vue-tsc": "^2.1.10"
      }
    },
    "node_modules/@babel/helper-string-parser": {
      "version": "7.25.9",
      "license": "MIT",
      "engines": {
        "node": ">=6.9.0"
      }
    },
    "node_modules/@babel/helper-validator-identifier": {
      "version": "7.25.9",
      "license": "MIT",
      "engines": {
        "node": ">=6.9.0"
      }
    },
    "node_modules/@babel/parser": {
      "version": "7.27.0",
      "license": "MIT",
      "dependencies": {
        "@babel/types": "^7.27.0"
      },
      "bin": {
        "parser": "bin/babel-parser.js"
      },
      "engines": {
        "node": ">=6.0.0"
      }
    },
    "node_modules/@babel/types": {
      "version": "7.27.0",
      "license": "MIT",
      "dependencies": {
        "@babel/helper-string-parser": "^7.25.9",
        "@babel/helper-validator-identifier": "^7.25.9"
      },
      "engines": {
        "node": ">=6.9.0"
      }
    },
    "node_modules/@esbuild/darwin-arm64": {
      "version": "0.25.3",
      "cpu": [
        "arm64"
      ],
      "license": "MIT",
      "optional": true,
      "os": [
        "darwin"
      ],
      "engines": {
        "node": ">=18"
      }
    },
    "node_modules/@floating-ui/core": {
      "version": "1.6.9",
      "license": "MIT",
      "dependencies": {
        "@floating-ui/utils": "^0.2.9"
      }
    },
    "node_modules/@floating-ui/dom": {
      "version": "1.6.13",
      "license": "MIT",
      "dependencies": {
        "@floating-ui/core": "^1.6.0",
        "@floating-ui/utils": "^0.2.9"
      }
    },
    "node_modules/@floating-ui/utils": {
      "version": "0.2.9",
      "license": "MIT"
    },
    "node_modules/@floating-ui/vue": {
      "version": "1.1.6",
      "license": "MIT",
      "dependencies": {
        "@floating-ui/dom": "^1.0.0",
        "@floating-ui/utils": "^0.2.9",
        "vue-demi": ">=0.13.0"
      }
    },
    "node_modules/@internationalized/date": {
      "version": "3.8.0",
      "license": "Apache-2.0",
      "dependencies": {
        "@swc/helpers": "^0.5.0"
      }
    },
    "node_modules/@internationalized/number": {
      "version": "3.6.1",
      "license": "Apache-2.0",
      "dependencies": {
        "@swc/helpers": "^0.5.0"
      }
    },
    "node_modules/@intlify/core-base": {
      "version": "9.14.4",
      "resolved": "https://registry.npmmirror.com/@intlify/core-base/-/core-base-9.14.4.tgz",
      "integrity": "sha512-vtZCt7NqWhKEtHa3SD/322DlgP5uR9MqWxnE0y8Q0tjDs9H5Lxhss+b5wv8rmuXRoHKLESNgw9d+EN9ybBbj9g==",
      "license": "MIT",
      "dependencies": {
        "@intlify/message-compiler": "9.14.4",
        "@intlify/shared": "9.14.4"
      },
      "engines": {
        "node": ">= 16"
      },
      "funding": {
        "url": "https://github.com/sponsors/kazupon"
      }
    },
    "node_modules/@intlify/message-compiler": {
      "version": "9.14.4",
      "resolved": "https://registry.npmmirror.com/@intlify/message-compiler/-/message-compiler-9.14.4.tgz",
      "integrity": "sha512-vcyCLiVRN628U38c3PbahrhbbXrckrM9zpy0KZVlDk2Z0OnGwv8uQNNXP3twwGtfLsCf4gu3ci6FMIZnPaqZsw==",
      "license": "MIT",
      "dependencies": {
        "@intlify/shared": "9.14.4",
        "source-map-js": "^1.0.2"
      },
      "engines": {
        "node": ">= 16"
      },
      "funding": {
        "url": "https://github.com/sponsors/kazupon"
      }
    },
    "node_modules/@intlify/shared": {
      "version": "9.14.4",
      "resolved": "https://registry.npmmirror.com/@intlify/shared/-/shared-9.14.4.tgz",
      "integrity": "sha512-P9zv6i1WvMc9qDBWvIgKkymjY2ptIiQ065PjDv7z7fDqH3J/HBRBN5IoiR46r/ujRcU7hCuSIZWvCAFCyuOYZA==",
      "license": "MIT",
      "engines": {
        "node": ">= 16"
      },
      "funding": {
        "url": "https://github.com/sponsors/kazupon"
      }
    },
    "node_modules/@jridgewell/sourcemap-codec": {
      "version": "1.5.0",
      "license": "MIT"
    },
    "node_modules/@nuxt/kit": {
      "version": "3.17.1",
      "license": "MIT",
      "dependencies": {
        "c12": "^3.0.3",
        "consola": "^3.4.2",
        "defu": "^6.1.4",
        "destr": "^2.0.5",
        "errx": "^0.1.0",
        "exsolve": "^1.0.5",
        "ignore": "^7.0.4",
        "jiti": "^2.4.2",
        "klona": "^2.0.6",
        "knitwork": "^1.2.0",
        "mlly": "^1.7.4",
        "ohash": "^2.0.11",
        "pathe": "^2.0.3",
        "pkg-types": "^2.1.0",
        "scule": "^1.3.0",
        "semver": "^7.7.1",
        "std-env": "^3.9.0",
        "tinyglobby": "^0.2.13",
        "ufo": "^1.6.1",
        "unctx": "^2.4.1",
        "unimport": "^5.0.0",
        "untyped": "^2.0.0"
      },
      "engines": {
        "node": ">=18.12.0"
      }
    },
    "node_modules/@rollup/rollup-darwin-arm64": {
      "version": "4.40.1",
      "cpu": [
        "arm64"
      ],
      "license": "MIT",
      "optional": true,
      "os": [
        "darwin"
      ]
    },
    "node_modules/@swc/helpers": {
      "version": "0.5.17",
      "license": "Apache-2.0",
      "dependencies": {
        "tslib": "^2.8.0"
      }
    },
    "node_modules/@tailwindcss/node": {
      "version": "4.1.4",
      "license": "MIT",
      "dependencies": {
        "enhanced-resolve": "^5.18.1",
        "jiti": "^2.4.2",
        "lightningcss": "1.29.2",
        "tailwindcss": "4.1.4"
      }
    },
    "node_modules/@tailwindcss/oxide": {
      "version": "4.1.4",
      "license": "MIT",
      "engines": {
        "node": ">= 10"
      },
      "optionalDependencies": {
        "@tailwindcss/oxide-android-arm64": "4.1.4",
        "@tailwindcss/oxide-darwin-arm64": "4.1.4",
        "@tailwindcss/oxide-darwin-x64": "4.1.4",
        "@tailwindcss/oxide-freebsd-x64": "4.1.4",
        "@tailwindcss/oxide-linux-arm-gnueabihf": "4.1.4",
        "@tailwindcss/oxide-linux-arm64-gnu": "4.1.4",
        "@tailwindcss/oxide-linux-arm64-musl": "4.1.4",
        "@tailwindcss/oxide-linux-x64-gnu": "4.1.4",
        "@tailwindcss/oxide-linux-x64-musl": "4.1.4",
        "@tailwindcss/oxide-wasm32-wasi": "4.1.4",
        "@tailwindcss/oxide-win32-arm64-msvc": "4.1.4",
        "@tailwindcss/oxide-win32-x64-msvc": "4.1.4"
      }
    },
    "node_modules/@tailwindcss/oxide-darwin-arm64": {
      "version": "4.1.4",
      "cpu": [
        "arm64"
      ],
      "license": "MIT",
      "optional": true,
      "os": [
        "darwin"
      ],
      "engines": {
        "node": ">= 10"
      }
    },
    "node_modules/@tailwindcss/vite": {
      "version": "4.1.4",
      "license": "MIT",
      "dependencies": {
        "@tailwindcss/node": "4.1.4",
        "@tailwindcss/oxide": "4.1.4",
        "tailwindcss": "4.1.4"
      },
      "peerDependencies": {
        "vite": "^5.2.0 || ^6"
      }
    },
    "node_modules/@tanstack/virtual-core": {
      "version": "3.13.6",
      "license": "MIT",
      "funding": {
        "type": "github",
        "url": "https://github.com/sponsors/tannerlinsley"
      }
    },
    "node_modules/@tanstack/vue-virtual": {
      "version": "3.13.6",
      "license": "MIT",
      "dependencies": {
        "@tanstack/virtual-core": "3.13.6"
      },
      "funding": {
        "type": "github",
        "url": "https://github.com/sponsors/tannerlinsley"
      },
      "peerDependencies": {
        "vue": "^2.7.0 || ^3.0.0"
      }
    },
    "node_modules/@tauri-apps/api": {
      "version": "2.5.0",
      "license": "Apache-2.0 OR MIT",
      "funding": {
        "type": "opencollective",
        "url": "https://opencollective.com/tauri"
      }
    },
    "node_modules/@tauri-apps/cli": {
      "version": "2.5.0",
      "dev": true,
      "license": "Apache-2.0 OR MIT",
      "bin": {
        "tauri": "tauri.js"
      },
      "engines": {
        "node": ">= 10"
      },
      "funding": {
        "type": "opencollective",
        "url": "https://opencollective.com/tauri"
      },
      "optionalDependencies": {
        "@tauri-apps/cli-darwin-arm64": "2.5.0",
        "@tauri-apps/cli-darwin-x64": "2.5.0",
        "@tauri-apps/cli-linux-arm-gnueabihf": "2.5.0",
        "@tauri-apps/cli-linux-arm64-gnu": "2.5.0",
        "@tauri-apps/cli-linux-arm64-musl": "2.5.0",
        "@tauri-apps/cli-linux-riscv64-gnu": "2.5.0",
        "@tauri-apps/cli-linux-x64-gnu": "2.5.0",
        "@tauri-apps/cli-linux-x64-musl": "2.5.0",
        "@tauri-apps/cli-win32-arm64-msvc": "2.5.0",
        "@tauri-apps/cli-win32-ia32-msvc": "2.5.0",
        "@tauri-apps/cli-win32-x64-msvc": "2.5.0"
      }
    },
    "node_modules/@tauri-apps/cli-darwin-arm64": {
      "version": "2.5.0",
      "cpu": [
        "arm64"
      ],
      "dev": true,
      "license": "Apache-2.0 OR MIT",
      "optional": true,
      "os": [
        "darwin"
      ],
      "engines": {
        "node": ">= 10"
      }
    },
    "node_modules/@tauri-apps/plugin-opener": {
      "version": "2.2.6",
      "license": "MIT OR Apache-2.0",
      "dependencies": {
        "@tauri-apps/api": "^2.0.0"
      }
    },
    "node_modules/@types/estree": {
      "version": "1.0.7",
      "license": "MIT"
    },
    "node_modules/@types/node": {
      "version": "22.15.3",
      "devOptional": true,
      "license": "MIT",
      "dependencies": {
        "undici-types": "~6.21.0"
      }
    },
    "node_modules/@types/vue-router": {
      "version": "2.0.0",
      "resolved": "https://registry.npmmirror.com/@types/vue-router/-/vue-router-2.0.0.tgz",
      "integrity": "sha512-E454lQ6tp9ftVWdZ8VGZpRcIV4YeqVAcx/uifl3P1GGwscYsxOFdYfgIuKasKO0Fm6Np2JM/L378D3bcRQE9hg==",
      "deprecated": "This is a stub types definition for vue-router (https://github.com/vuejs/vue-router). ecmarkup provides its own type definitions, so you don\\'t need @types/ecmarkup installed!",
      "dev": true,
      "license": "MIT",
      "dependencies": {
        "vue-router": "*"
      }
    },
    "node_modules/@types/web-bluetooth": {
      "version": "0.0.21",
      "license": "MIT"
    },
    "node_modules/@vitejs/plugin-vue": {
      "version": "5.2.3",
      "dev": true,
      "license": "MIT",
      "engines": {
        "node": "^18.0.0 || >=20.0.0"
      },
      "peerDependencies": {
        "vite": "^5.0.0 || ^6.0.0",
        "vue": "^3.2.25"
      }
    },
    "node_modules/@volar/language-core": {
      "version": "2.4.13",
      "dev": true,
      "license": "MIT",
      "dependencies": {
        "@volar/source-map": "2.4.13"
      }
    },
    "node_modules/@volar/source-map": {
      "version": "2.4.13",
      "dev": true,
      "license": "MIT"
    },
    "node_modules/@volar/typescript": {
      "version": "2.4.13",
      "dev": true,
      "license": "MIT",
      "dependencies": {
        "@volar/language-core": "2.4.13",
        "path-browserify": "^1.0.1",
        "vscode-uri": "^3.0.8"
      }
    },
    "node_modules/@vue/compiler-core": {
      "version": "3.5.13",
      "license": "MIT",
      "dependencies": {
        "@babel/parser": "^7.25.3",
        "@vue/shared": "3.5.13",
        "entities": "^4.5.0",
        "estree-walker": "^2.0.2",
        "source-map-js": "^1.2.0"
      }
    },
    "node_modules/@vue/compiler-dom": {
      "version": "3.5.13",
      "license": "MIT",
      "dependencies": {
        "@vue/compiler-core": "3.5.13",
        "@vue/shared": "3.5.13"
      }
    },
    "node_modules/@vue/compiler-sfc": {
      "version": "3.5.13",
      "license": "MIT",
      "dependencies": {
        "@babel/parser": "^7.25.3",
        "@vue/compiler-core": "3.5.13",
        "@vue/compiler-dom": "3.5.13",
        "@vue/compiler-ssr": "3.5.13",
        "@vue/shared": "3.5.13",
        "estree-walker": "^2.0.2",
        "magic-string": "^0.30.11",
        "postcss": "^8.4.48",
        "source-map-js": "^1.2.0"
      }
    },
    "node_modules/@vue/compiler-ssr": {
      "version": "3.5.13",
      "license": "MIT",
      "dependencies": {
        "@vue/compiler-dom": "3.5.13",
        "@vue/shared": "3.5.13"
      }
    },
    "node_modules/@vue/compiler-vue2": {
      "version": "2.7.16",
      "dev": true,
      "license": "MIT",
      "dependencies": {
        "de-indent": "^1.0.2",
        "he": "^1.2.0"
      }
    },
    "node_modules/@vue/devtools-api": {
      "version": "7.7.6",
      "license": "MIT",
      "dependencies": {
        "@vue/devtools-kit": "^7.7.6"
      }
    },
    "node_modules/@vue/devtools-kit": {
      "version": "7.7.6",
      "license": "MIT",
      "dependencies": {
        "@vue/devtools-shared": "^7.7.6",
        "birpc": "^2.3.0",
        "hookable": "^5.5.3",
        "mitt": "^3.0.1",
        "perfect-debounce": "^1.0.0",
        "speakingurl": "^14.0.1",
        "superjson": "^2.2.2"
      }
    },
    "node_modules/@vue/devtools-shared": {
      "version": "7.7.6",
      "license": "MIT",
      "dependencies": {
        "rfdc": "^1.4.1"
      }
    },
    "node_modules/@vue/language-core": {
      "version": "2.2.10",
      "dev": true,
      "license": "MIT",
      "dependencies": {
        "@volar/language-core": "~2.4.11",
        "@vue/compiler-dom": "^3.5.0",
        "@vue/compiler-vue2": "^2.7.16",
        "@vue/shared": "^3.5.0",
        "alien-signals": "^1.0.3",
        "minimatch": "^9.0.3",
        "muggle-string": "^0.4.1",
        "path-browserify": "^1.0.1"
      },
      "peerDependencies": {
        "typescript": "*"
      },
      "peerDependenciesMeta": {
        "typescript": {
          "optional": true
        }
      }
    },
    "node_modules/@vue/reactivity": {
      "version": "3.5.13",
      "license": "MIT",
      "dependencies": {
        "@vue/shared": "3.5.13"
      }
    },
    "node_modules/@vue/runtime-core": {
      "version": "3.5.13",
      "license": "MIT",
      "dependencies": {
        "@vue/reactivity": "3.5.13",
        "@vue/shared": "3.5.13"
      }
    },
    "node_modules/@vue/runtime-dom": {
      "version": "3.5.13",
      "license": "MIT",
      "dependencies": {
        "@vue/reactivity": "3.5.13",
        "@vue/runtime-core": "3.5.13",
        "@vue/shared": "3.5.13",
        "csstype": "^3.1.3"
      }
    },
    "node_modules/@vue/server-renderer": {
      "version": "3.5.13",
      "license": "MIT",
      "dependencies": {
        "@vue/compiler-ssr": "3.5.13",
        "@vue/shared": "3.5.13"
      },
      "peerDependencies": {
        "vue": "3.5.13"
      }
    },
    "node_modules/@vue/shared": {
      "version": "3.5.13",
      "license": "MIT"
    },
    "node_modules/@vueuse/core": {
      "version": "13.1.0",
      "resolved": "https://registry.npmmirror.com/@vueuse/core/-/core-13.1.0.tgz",
      "integrity": "sha512-PAauvdRXZvTWXtGLg8cPUFjiZEddTqmogdwYpnn60t08AA5a8Q4hZokBnpTOnVNqySlFlTcRYIC8OqreV4hv3Q==",
      "license": "MIT",
      "dependencies": {
        "@types/web-bluetooth": "^0.0.21",
        "@vueuse/metadata": "13.1.0",
        "@vueuse/shared": "13.1.0"
      },
      "funding": {
        "url": "https://github.com/sponsors/antfu"
      },
      "peerDependencies": {
        "vue": "^3.5.0"
      }
    },
    "node_modules/@vueuse/core/node_modules/@vueuse/shared": {
      "version": "13.1.0",
      "resolved": "https://registry.npmmirror.com/@vueuse/shared/-/shared-13.1.0.tgz",
      "integrity": "sha512-IVS/qRRjhPTZ6C2/AM3jieqXACGwFZwWTdw5sNTSKk2m/ZpkuuN+ri+WCVUP8TqaKwJYt/KuMwmXspMAw8E6ew==",
      "license": "MIT",
      "funding": {
        "url": "https://github.com/sponsors/antfu"
      },
      "peerDependencies": {
        "vue": "^3.5.0"
      }
    },
    "node_modules/@vueuse/metadata": {
      "version": "13.1.0",
      "resolved": "https://registry.npmmirror.com/@vueuse/metadata/-/metadata-13.1.0.tgz",
      "integrity": "sha512-+TDd7/a78jale5YbHX9KHW3cEDav1lz1JptwDvep2zSG8XjCsVE+9mHIzjTOaPbHUAk5XiE4jXLz51/tS+aKQw==",
      "license": "MIT",
      "funding": {
        "url": "https://github.com/sponsors/antfu"
      }
    },
    "node_modules/@vueuse/shared": {
      "version": "12.8.2",
      "license": "MIT",
      "dependencies": {
        "vue": "^3.5.13"
      },
      "funding": {
        "url": "https://github.com/sponsors/antfu"
      }
    },
    "node_modules/acorn": {
      "version": "8.14.1",
      "license": "MIT",
      "bin": {
        "acorn": "bin/acorn"
      },
      "engines": {
        "node": ">=0.4.0"
      }
    },
    "node_modules/alien-signals": {
      "version": "1.0.13",
      "dev": true,
      "license": "MIT"
    },
    "node_modules/aria-hidden": {
      "version": "1.2.4",
      "license": "MIT",
      "dependencies": {
        "tslib": "^2.0.0"
      },
      "engines": {
        "node": ">=10"
      }
    },
    "node_modules/balanced-match": {
      "version": "1.0.2",
      "dev": true,
      "license": "MIT"
    },
    "node_modules/birpc": {
      "version": "2.3.0",
      "license": "MIT",
      "funding": {
        "url": "https://github.com/sponsors/antfu"
      }
    },
    "node_modules/brace-expansion": {
      "version": "2.0.1",
      "dev": true,
      "license": "MIT",
      "dependencies": {
        "balanced-match": "^1.0.0"
      }
    },
    "node_modules/c12": {
      "version": "3.0.3",
      "license": "MIT",
      "dependencies": {
        "chokidar": "^4.0.3",
        "confbox": "^0.2.2",
        "defu": "^6.1.4",
        "dotenv": "^16.4.7",
        "exsolve": "^1.0.4",
        "giget": "^2.0.0",
        "jiti": "^2.4.2",
        "ohash": "^2.0.11",
        "pathe": "^2.0.3",
        "perfect-debounce": "^1.0.0",
        "pkg-types": "^2.1.0",
        "rc9": "^2.1.2"
      },
      "peerDependencies": {
        "magicast": "^0.3.5"
      },
      "peerDependenciesMeta": {
        "magicast": {
          "optional": true
        }
      }
    },
    "node_modules/chokidar": {
      "version": "4.0.3",
      "license": "MIT",
      "dependencies": {
        "readdirp": "^4.0.1"
      },
      "engines": {
        "node": ">= 14.16.0"
      },
      "funding": {
        "url": "https://paulmillr.com/funding/"
      }
    },
    "node_modules/citty": {
      "version": "0.1.6",
      "license": "MIT",
      "dependencies": {
        "consola": "^3.2.3"
      }
    },
    "node_modules/class-variance-authority": {
      "version": "0.7.1",
      "license": "Apache-2.0",
      "dependencies": {
        "clsx": "^2.1.1"
      },
      "funding": {
        "url": "https://polar.sh/cva"
      }
    },
    "node_modules/clsx": {
      "version": "2.1.1",
      "license": "MIT",
      "engines": {
        "node": ">=6"
      }
    },
    "node_modules/confbox": {
      "version": "0.2.2",
      "license": "MIT"
    },
    "node_modules/consola": {
      "version": "3.4.2",
      "license": "MIT",
      "engines": {
        "node": "^14.18.0 || >=16.10.0"
      }
    },
    "node_modules/copy-anything": {
      "version": "3.0.5",
      "license": "MIT",
      "dependencies": {
        "is-what": "^4.1.8"
      },
      "engines": {
        "node": ">=12.13"
      },
      "funding": {
        "url": "https://github.com/sponsors/mesqueeb"
      }
    },
    "node_modules/csstype": {
      "version": "3.1.3",
      "license": "MIT"
    },
    "node_modules/de-indent": {
      "version": "1.0.2",
      "dev": true,
      "license": "MIT"
    },
    "node_modules/deep-pick-omit": {
      "version": "1.2.1",
      "license": "MIT"
    },
    "node_modules/defu": {
      "version": "6.1.4",
      "license": "MIT"
    },
    "node_modules/destr": {
      "version": "2.0.5",
      "license": "MIT"
    },
    "node_modules/detect-libc": {
      "version": "2.0.4",
      "license": "Apache-2.0",
      "engines": {
        "node": ">=8"
      }
    },
    "node_modules/dotenv": {
      "version": "16.5.0",
      "license": "BSD-2-Clause",
      "engines": {
        "node": ">=12"
      },
      "funding": {
        "url": "https://dotenvx.com"
      }
    },
    "node_modules/enhanced-resolve": {
      "version": "5.18.1",
      "license": "MIT",
      "dependencies": {
        "graceful-fs": "^4.2.4",
        "tapable": "^2.2.0"
      },
      "engines": {
        "node": ">=10.13.0"
      }
    },
    "node_modules/entities": {
      "version": "4.5.0",
      "license": "BSD-2-Clause",
      "engines": {
        "node": ">=0.12"
      },
      "funding": {
        "url": "https://github.com/fb55/entities?sponsor=1"
      }
    },
    "node_modules/errx": {
      "version": "0.1.0",
      "license": "MIT"
    },
    "node_modules/esbuild": {
      "version": "0.25.3",
      "hasInstallScript": true,
      "license": "MIT",
      "bin": {
        "esbuild": "bin/esbuild"
      },
      "engines": {
        "node": ">=18"
      },
      "optionalDependencies": {
        "@esbuild/aix-ppc64": "0.25.3",
        "@esbuild/android-arm": "0.25.3",
        "@esbuild/android-arm64": "0.25.3",
        "@esbuild/android-x64": "0.25.3",
        "@esbuild/darwin-arm64": "0.25.3",
        "@esbuild/darwin-x64": "0.25.3",
        "@esbuild/freebsd-arm64": "0.25.3",
        "@esbuild/freebsd-x64": "0.25.3",
        "@esbuild/linux-arm": "0.25.3",
        "@esbuild/linux-arm64": "0.25.3",
        "@esbuild/linux-ia32": "0.25.3",
        "@esbuild/linux-loong64": "0.25.3",
        "@esbuild/linux-mips64el": "0.25.3",
        "@esbuild/linux-ppc64": "0.25.3",
        "@esbuild/linux-riscv64": "0.25.3",
        "@esbuild/linux-s390x": "0.25.3",
        "@esbuild/linux-x64": "0.25.3",
        "@esbuild/netbsd-arm64": "0.25.3",
        "@esbuild/netbsd-x64": "0.25.3",
        "@esbuild/openbsd-arm64": "0.25.3",
        "@esbuild/openbsd-x64": "0.25.3",
        "@esbuild/sunos-x64": "0.25.3",
        "@esbuild/win32-arm64": "0.25.3",
        "@esbuild/win32-ia32": "0.25.3",
        "@esbuild/win32-x64": "0.25.3"
      }
    },
    "node_modules/escape-string-regexp": {
      "version": "5.0.0",
      "license": "MIT",
      "engines": {
        "node": ">=12"
      },
      "funding": {
        "url": "https://github.com/sponsors/sindresorhus"
      }
    },
    "node_modules/estree-walker": {
      "version": "2.0.2",
      "license": "MIT"
    },
    "node_modules/exsolve": {
      "version": "1.0.5",
      "license": "MIT"
    },
    "node_modules/fdir": {
      "version": "6.4.4",
      "license": "MIT",
      "peerDependencies": {
        "picomatch": "^3 || ^4"
      },
      "peerDependenciesMeta": {
        "picomatch": {
          "optional": true
        }
      }
    },
    "node_modules/fsevents": {
      "version": "2.3.3",
      "license": "MIT",
      "optional": true,
      "os": [
        "darwin"
      ],
      "engines": {
        "node": "^8.16.0 || ^10.6.0 || >=11.0.0"
      }
    },
    "node_modules/giget": {
      "version": "2.0.0",
      "license": "MIT",
      "dependencies": {
        "citty": "^0.1.6",
        "consola": "^3.4.0",
        "defu": "^6.1.4",
        "node-fetch-native": "^1.6.6",
        "nypm": "^0.6.0",
        "pathe": "^2.0.3"
      },
      "bin": {
        "giget": "dist/cli.mjs"
      }
    },
    "node_modules/graceful-fs": {
      "version": "4.2.11",
      "license": "ISC"
    },
    "node_modules/he": {
      "version": "1.2.0",
      "dev": true,
      "license": "MIT",
      "bin": {
        "he": "bin/he"
      }
    },
    "node_modules/hookable": {
      "version": "5.5.3",
      "license": "MIT"
    },
    "node_modules/ignore": {
      "version": "7.0.4",
      "license": "MIT",
      "engines": {
        "node": ">= 4"
      }
    },
    "node_modules/is-what": {
      "version": "4.1.16",
      "license": "MIT",
      "engines": {
        "node": ">=12.13"
      },
      "funding": {
        "url": "https://github.com/sponsors/mesqueeb"
      }
    },
    "node_modules/jiti": {
      "version": "2.4.2",
      "license": "MIT",
      "bin": {
        "jiti": "lib/jiti-cli.mjs"
      }
    },
    "node_modules/js-tokens": {
      "version": "9.0.1",
      "license": "MIT"
    },
    "node_modules/klona": {
      "version": "2.0.6",
      "license": "MIT",
      "engines": {
        "node": ">= 8"
      }
    },
    "node_modules/knitwork": {
      "version": "1.2.0",
      "license": "MIT"
    },
    "node_modules/lightningcss": {
      "version": "1.29.2",
      "license": "MPL-2.0",
      "dependencies": {
        "detect-libc": "^2.0.3"
      },
      "engines": {
        "node": ">= 12.0.0"
      },
      "funding": {
        "type": "opencollective",
        "url": "https://opencollective.com/parcel"
      },
      "optionalDependencies": {
        "lightningcss-darwin-arm64": "1.29.2",
        "lightningcss-darwin-x64": "1.29.2",
        "lightningcss-freebsd-x64": "1.29.2",
        "lightningcss-linux-arm-gnueabihf": "1.29.2",
        "lightningcss-linux-arm64-gnu": "1.29.2",
        "lightningcss-linux-arm64-musl": "1.29.2",
        "lightningcss-linux-x64-gnu": "1.29.2",
        "lightningcss-linux-x64-musl": "1.29.2",
        "lightningcss-win32-arm64-msvc": "1.29.2",
        "lightningcss-win32-x64-msvc": "1.29.2"
      }
    },
    "node_modules/lightningcss-darwin-arm64": {
      "version": "1.29.2",
      "cpu": [
        "arm64"
      ],
      "license": "MPL-2.0",
      "optional": true,
      "os": [
        "darwin"
      ],
      "engines": {
        "node": ">= 12.0.0"
      },
      "funding": {
        "type": "opencollective",
        "url": "https://opencollective.com/parcel"
      }
    },
    "node_modules/local-pkg": {
      "version": "1.1.1",
      "license": "MIT",
      "dependencies": {
        "mlly": "^1.7.4",
        "pkg-types": "^2.0.1",
        "quansync": "^0.2.8"
      },
      "engines": {
        "node": ">=14"
      },
      "funding": {
        "url": "https://github.com/sponsors/antfu"
      }
    },
    "node_modules/lucide-vue-next": {
      "version": "0.503.0",
      "license": "ISC",
      "peerDependencies": {
        "vue": ">=3.0.1"
      }
    },
    "node_modules/magic-string": {
      "version": "0.30.17",
      "license": "MIT",
      "dependencies": {
        "@jridgewell/sourcemap-codec": "^1.5.0"
      }
    },
    "node_modules/minimatch": {
      "version": "9.0.5",
      "dev": true,
      "license": "ISC",
      "dependencies": {
        "brace-expansion": "^2.0.1"
      },
      "engines": {
        "node": ">=16 || 14 >=14.17"
      },
      "funding": {
        "url": "https://github.com/sponsors/isaacs"
      }
    },
    "node_modules/mitt": {
      "version": "3.0.1",
      "license": "MIT"
    },
    "node_modules/mlly": {
      "version": "1.7.4",
      "license": "MIT",
      "dependencies": {
        "acorn": "^8.14.0",
        "pathe": "^2.0.1",
        "pkg-types": "^1.3.0",
        "ufo": "^1.5.4"
      }
    },
    "node_modules/mlly/node_modules/pkg-types": {
      "version": "1.3.1",
      "license": "MIT",
      "dependencies": {
        "confbox": "^0.1.8",
        "mlly": "^1.7.4",
        "pathe": "^2.0.1"
      }
    },
    "node_modules/mlly/node_modules/pkg-types/node_modules/confbox": {
      "version": "0.1.8",
      "license": "MIT"
    },
    "node_modules/muggle-string": {
      "version": "0.4.1",
      "dev": true,
      "license": "MIT"
    },
    "node_modules/nanoid": {
      "version": "3.3.11",
      "funding": [
        {
          "type": "github",
          "url": "https://github.com/sponsors/ai"
        }
      ],
      "license": "MIT",
      "bin": {
        "nanoid": "bin/nanoid.cjs"
      },
      "engines": {
        "node": "^10 || ^12 || ^13.7 || ^14 || >=15.0.1"
      }
    },
    "node_modules/node-fetch-native": {
      "version": "1.6.6",
      "license": "MIT"
    },
    "node_modules/nypm": {
      "version": "0.6.0",
      "license": "MIT",
      "dependencies": {
        "citty": "^0.1.6",
        "consola": "^3.4.0",
        "pathe": "^2.0.3",
        "pkg-types": "^2.0.0",
        "tinyexec": "^0.3.2"
      },
      "bin": {
        "nypm": "dist/cli.mjs"
      },
      "engines": {
        "node": "^14.16.0 || >=16.10.0"
      }
    },
    "node_modules/ohash": {
      "version": "2.0.11",
      "license": "MIT"
    },
    "node_modules/path-browserify": {
      "version": "1.0.1",
      "dev": true,
      "license": "MIT"
    },
    "node_modules/pathe": {
      "version": "2.0.3",
      "license": "MIT"
    },
    "node_modules/perfect-debounce": {
      "version": "1.0.0",
      "license": "MIT"
    },
    "node_modules/picocolors": {
      "version": "1.1.1",
      "license": "ISC"
    },
    "node_modules/picomatch": {
      "version": "4.0.2",
      "license": "MIT",
      "engines": {
        "node": ">=12"
      },
      "funding": {
        "url": "https://github.com/sponsors/jonschlinkert"
      }
    },
    "node_modules/pinia": {
      "version": "3.0.2",
      "license": "MIT",
      "dependencies": {
        "@vue/devtools-api": "^7.7.2"
      },
      "funding": {
        "url": "https://github.com/sponsors/posva"
      },
      "peerDependencies": {
        "typescript": ">=4.4.4",
        "vue": "^2.7.0 || ^3.5.11"
      },
      "peerDependenciesMeta": {
        "typescript": {
          "optional": true
        }
      }
    },
    "node_modules/pinia-plugin-persistedstate": {
      "version": "4.2.0",
      "license": "MIT",
      "dependencies": {
        "@nuxt/kit": "^3.14.1592",
        "deep-pick-omit": "^1.2.1",
        "defu": "^6.1.4",
        "destr": "^2.0.3"
      },
      "peerDependencies": {
        "@pinia/nuxt": ">=0.9.0",
        "pinia": ">=2.3.0"
      },
      "peerDependenciesMeta": {
        "@pinia/nuxt": {
          "optional": true
        },
        "pinia": {
          "optional": true
        }
      }
    },
    "node_modules/pkg-types": {
      "version": "2.1.0",
      "license": "MIT",
      "dependencies": {
        "confbox": "^0.2.1",
        "exsolve": "^1.0.1",
        "pathe": "^2.0.3"
      }
    },
    "node_modules/postcss": {
      "version": "8.5.3",
      "funding": [
        {
          "type": "opencollective",
          "url": "https://opencollective.com/postcss/"
        },
        {
          "type": "tidelift",
          "url": "https://tidelift.com/funding/github/npm/postcss"
        },
        {
          "type": "github",
          "url": "https://github.com/sponsors/ai"
        }
      ],
      "license": "MIT",
      "dependencies": {
        "nanoid": "^3.3.8",
        "picocolors": "^1.1.1",
        "source-map-js": "^1.2.1"
      },
      "engines": {
        "node": "^10 || ^12 || >=14"
      }
    },
    "node_modules/quansync": {
      "version": "0.2.10",
      "funding": [
        {
          "type": "individual",
          "url": "https://github.com/sponsors/antfu"
        },
        {
          "type": "individual",
          "url": "https://github.com/sponsors/sxzz"
        }
      ],
      "license": "MIT"
    },
    "node_modules/rc9": {
      "version": "2.1.2",
      "license": "MIT",
      "dependencies": {
        "defu": "^6.1.4",
        "destr": "^2.0.3"
      }
    },
    "node_modules/readdirp": {
      "version": "4.1.2",
      "license": "MIT",
      "engines": {
        "node": ">= 14.18.0"
      },
      "funding": {
        "type": "individual",
        "url": "https://paulmillr.com/funding/"
      }
    },
    "node_modules/reka-ui": {
      "version": "2.2.0",
      "resolved": "https://registry.npmmirror.com/reka-ui/-/reka-ui-2.2.0.tgz",
      "integrity": "sha512-eeRrLI4LwJ6dkdwks6KFNKGs0+beqZlHO3JMHen7THDTh+yJ5Z0KNwONmOhhV/0hZC2uJCEExgG60QPzGstkQg==",
      "license": "MIT",
      "dependencies": {
        "@floating-ui/dom": "^1.6.13",
        "@floating-ui/vue": "^1.1.6",
        "@internationalized/date": "^3.5.0",
        "@internationalized/number": "^3.5.0",
        "@tanstack/vue-virtual": "^3.12.0",
        "@vueuse/core": "^12.5.0",
        "@vueuse/shared": "^12.5.0",
        "aria-hidden": "^1.2.4",
        "defu": "^6.1.4",
        "ohash": "^2.0.11"
      },
      "peerDependencies": {
        "vue": ">= 3.2.0"
      }
    },
    "node_modules/reka-ui/node_modules/@vueuse/core": {
      "version": "12.8.2",
      "resolved": "https://registry.npmmirror.com/@vueuse/core/-/core-12.8.2.tgz",
      "integrity": "sha512-HbvCmZdzAu3VGi/pWYm5Ut+Kd9mn1ZHnn4L5G8kOQTPs/IwIAmJoBrmYk2ckLArgMXZj0AW3n5CAejLUO+PhdQ==",
      "license": "MIT",
      "dependencies": {
        "@types/web-bluetooth": "^0.0.21",
        "@vueuse/metadata": "12.8.2",
        "@vueuse/shared": "12.8.2",
        "vue": "^3.5.13"
      },
      "funding": {
        "url": "https://github.com/sponsors/antfu"
      }
    },
    "node_modules/reka-ui/node_modules/@vueuse/metadata": {
      "version": "12.8.2",
      "resolved": "https://registry.npmmirror.com/@vueuse/metadata/-/metadata-12.8.2.tgz",
      "integrity": "sha512-rAyLGEuoBJ/Il5AmFHiziCPdQzRt88VxR+Y/A/QhJ1EWtWqPBBAxTAFaSkviwEuOEZNtW8pvkPgoCZQ+HxqW1A==",
      "license": "MIT",
      "funding": {
        "url": "https://github.com/sponsors/antfu"
      }
    },
    "node_modules/rfdc": {
      "version": "1.4.1",
      "license": "MIT"
    },
    "node_modules/rollup": {
      "version": "4.40.1",
      "license": "MIT",
      "dependencies": {
        "@types/estree": "1.0.7"
      },
      "bin": {
        "rollup": "dist/bin/rollup"
      },
      "engines": {
        "node": ">=18.0.0",
        "npm": ">=8.0.0"
      },
      "optionalDependencies": {
        "@rollup/rollup-android-arm-eabi": "4.40.1",
        "@rollup/rollup-android-arm64": "4.40.1",
        "@rollup/rollup-darwin-arm64": "4.40.1",
        "@rollup/rollup-darwin-x64": "4.40.1",
        "@rollup/rollup-freebsd-arm64": "4.40.1",
        "@rollup/rollup-freebsd-x64": "4.40.1",
        "@rollup/rollup-linux-arm-gnueabihf": "4.40.1",
        "@rollup/rollup-linux-arm-musleabihf": "4.40.1",
        "@rollup/rollup-linux-arm64-gnu": "4.40.1",
        "@rollup/rollup-linux-arm64-musl": "4.40.1",
        "@rollup/rollup-linux-loongarch64-gnu": "4.40.1",
        "@rollup/rollup-linux-powerpc64le-gnu": "4.40.1",
        "@rollup/rollup-linux-riscv64-gnu": "4.40.1",
        "@rollup/rollup-linux-riscv64-musl": "4.40.1",
        "@rollup/rollup-linux-s390x-gnu": "4.40.1",
        "@rollup/rollup-linux-x64-gnu": "4.40.1",
        "@rollup/rollup-linux-x64-musl": "4.40.1",
        "@rollup/rollup-win32-arm64-msvc": "4.40.1",
        "@rollup/rollup-win32-ia32-msvc": "4.40.1",
        "@rollup/rollup-win32-x64-msvc": "4.40.1",
        "fsevents": "~2.3.2"
      }
    },
    "node_modules/scule": {
      "version": "1.3.0",
      "license": "MIT"
    },
    "node_modules/semver": {
      "version": "7.7.1",
      "license": "ISC",
      "bin": {
        "semver": "bin/semver.js"
      },
      "engines": {
        "node": ">=10"
      }
    },
    "node_modules/source-map-js": {
      "version": "1.2.1",
      "license": "BSD-3-Clause",
      "engines": {
        "node": ">=0.10.0"
      }
    },
    "node_modules/speakingurl": {
      "version": "14.0.1",
      "license": "BSD-3-Clause",
      "engines": {
        "node": ">=0.10.0"
      }
    },
    "node_modules/std-env": {
      "version": "3.9.0",
      "license": "MIT"
    },
    "node_modules/strip-literal": {
      "version": "3.0.0",
      "license": "MIT",
      "dependencies": {
        "js-tokens": "^9.0.1"
      },
      "funding": {
        "url": "https://github.com/sponsors/antfu"
      }
    },
    "node_modules/superjson": {
      "version": "2.2.2",
      "license": "MIT",
      "dependencies": {
        "copy-anything": "^3.0.2"
      },
      "engines": {
        "node": ">=16"
      }
    },
    "node_modules/tailwind-merge": {
      "version": "3.2.0",
      "license": "MIT",
      "funding": {
        "type": "github",
        "url": "https://github.com/sponsors/dcastil"
      }
    },
    "node_modules/tailwindcss": {
      "version": "4.1.4",
      "license": "MIT"
    },
    "node_modules/tapable": {
      "version": "2.2.1",
      "license": "MIT",
      "engines": {
        "node": ">=6"
      }
    },
    "node_modules/tinyexec": {
      "version": "0.3.2",
      "license": "MIT"
    },
    "node_modules/tinyglobby": {
      "version": "0.2.13",
      "license": "MIT",
      "dependencies": {
        "fdir": "^6.4.4",
        "picomatch": "^4.0.2"
      },
      "engines": {
        "node": ">=12.0.0"
      },
      "funding": {
        "url": "https://github.com/sponsors/SuperchupuDev"
      }
    },
    "node_modules/tslib": {
      "version": "2.8.1",
      "license": "0BSD"
    },
    "node_modules/tw-animate-css": {
      "version": "1.2.8",
      "license": "MIT",
      "funding": {
        "url": "https://github.com/sponsors/Wombosvideo"
      }
    },
    "node_modules/typescript": {
      "version": "5.8.3",
      "devOptional": true,
      "license": "Apache-2.0",
      "bin": {
        "tsc": "bin/tsc",
        "tsserver": "bin/tsserver"
      },
      "engines": {
        "node": ">=14.17"
      }
    },
    "node_modules/ufo": {
      "version": "1.6.1",
      "license": "MIT"
    },
    "node_modules/unctx": {
      "version": "2.4.1",
      "license": "MIT",
      "dependencies": {
        "acorn": "^8.14.0",
        "estree-walker": "^3.0.3",
        "magic-string": "^0.30.17",
        "unplugin": "^2.1.0"
      }
    },
    "node_modules/unctx/node_modules/estree-walker": {
      "version": "3.0.3",
      "license": "MIT",
      "dependencies": {
        "@types/estree": "^1.0.0"
      }
    },
    "node_modules/undici-types": {
      "version": "6.21.0",
      "devOptional": true,
      "license": "MIT"
    },
    "node_modules/unimport": {
      "version": "5.0.0",
      "license": "MIT",
      "dependencies": {
        "acorn": "^8.14.1",
        "escape-string-regexp": "^5.0.0",
        "estree-walker": "^3.0.3",
        "local-pkg": "^1.1.1",
        "magic-string": "^0.30.17",
        "mlly": "^1.7.4",
        "pathe": "^2.0.3",
        "picomatch": "^4.0.2",
        "pkg-types": "^2.1.0",
        "scule": "^1.3.0",
        "strip-literal": "^3.0.0",
        "tinyglobby": "^0.2.12",
        "unplugin": "^2.2.2",
        "unplugin-utils": "^0.2.4"
      },
      "engines": {
        "node": ">=18.12.0"
      }
    },
    "node_modules/unimport/node_modules/estree-walker": {
      "version": "3.0.3",
      "license": "MIT",
      "dependencies": {
        "@types/estree": "^1.0.0"
      }
    },
    "node_modules/unplugin": {
      "version": "2.3.2",
      "license": "MIT",
      "dependencies": {
        "acorn": "^8.14.1",
        "picomatch": "^4.0.2",
        "webpack-virtual-modules": "^0.6.2"
      },
      "engines": {
        "node": ">=18.12.0"
      }
    },
    "node_modules/unplugin-utils": {
      "version": "0.2.4",
      "license": "MIT",
      "dependencies": {
        "pathe": "^2.0.2",
        "picomatch": "^4.0.2"
      },
      "engines": {
        "node": ">=18.12.0"
      },
      "funding": {
        "url": "https://github.com/sponsors/sxzz"
      }
    },
    "node_modules/untyped": {
      "version": "2.0.0",
      "license": "MIT",
      "dependencies": {
        "citty": "^0.1.6",
        "defu": "^6.1.4",
        "jiti": "^2.4.2",
        "knitwork": "^1.2.0",
        "scule": "^1.3.0"
      },
      "bin": {
        "untyped": "dist/cli.mjs"
      }
    },
    "node_modules/vite": {
      "version": "6.3.3",
      "license": "MIT",
      "dependencies": {
        "esbuild": "^0.25.0",
        "fdir": "^6.4.4",
        "picomatch": "^4.0.2",
        "postcss": "^8.5.3",
        "rollup": "^4.34.9",
        "tinyglobby": "^0.2.13"
      },
      "bin": {
        "vite": "bin/vite.js"
      },
      "engines": {
        "node": "^18.0.0 || ^20.0.0 || >=22.0.0"
      },
      "funding": {
        "url": "https://github.com/vitejs/vite?sponsor=1"
      },
      "optionalDependencies": {
        "fsevents": "~2.3.3"
      },
      "peerDependencies": {
        "@types/node": "^18.0.0 || ^20.0.0 || >=22.0.0",
        "jiti": ">=1.21.0",
        "less": "*",
        "lightningcss": "^1.21.0",
        "sass": "*",
        "sass-embedded": "*",
        "stylus": "*",
        "sugarss": "*",
        "terser": "^5.16.0",
        "tsx": "^4.8.1",
        "yaml": "^2.4.2"
      },
      "peerDependenciesMeta": {
        "@types/node": {
          "optional": true
        },
        "jiti": {
          "optional": true
        },
        "less": {
          "optional": true
        },
        "lightningcss": {
          "optional": true
        },
        "sass": {
          "optional": true
        },
        "sass-embedded": {
          "optional": true
        },
        "stylus": {
          "optional": true
        },
        "sugarss": {
          "optional": true
        },
        "terser": {
          "optional": true
        },
        "tsx": {
          "optional": true
        },
        "yaml": {
          "optional": true
        }
      }
    },
    "node_modules/vscode-uri": {
      "version": "3.1.0",
      "dev": true,
      "license": "MIT"
    },
    "node_modules/vue": {
      "version": "3.5.13",
      "license": "MIT",
      "dependencies": {
        "@vue/compiler-dom": "3.5.13",
        "@vue/compiler-sfc": "3.5.13",
        "@vue/runtime-dom": "3.5.13",
        "@vue/server-renderer": "3.5.13",
        "@vue/shared": "3.5.13"
      },
      "peerDependencies": {
        "typescript": "*"
      },
      "peerDependenciesMeta": {
        "typescript": {
          "optional": true
        }
      }
    },
    "node_modules/vue-demi": {
      "version": "0.14.10",
      "hasInstallScript": true,
      "license": "MIT",
      "bin": {
        "vue-demi-fix": "bin/vue-demi-fix.js",
        "vue-demi-switch": "bin/vue-demi-switch.js"
      },
      "engines": {
        "node": ">=12"
      },
      "funding": {
        "url": "https://github.com/sponsors/antfu"
      },
      "peerDependencies": {
        "@vue/composition-api": "^1.0.0-rc.1",
        "vue": "^3.0.0-0 || ^2.6.0"
      },
      "peerDependenciesMeta": {
        "@vue/composition-api": {
          "optional": true
        }
      }
    },
    "node_modules/vue-i18n": {
      "version": "9.14.4",
      "resolved": "https://registry.npmmirror.com/vue-i18n/-/vue-i18n-9.14.4.tgz",
      "integrity": "sha512-B934C8yUyWLT0EMud3DySrwSUJI7ZNiWYsEEz2gknTthqKiG4dzWE/WSa8AzCuSQzwBEv4HtG1jZDhgzPfWSKQ==",
      "license": "MIT",
      "dependencies": {
        "@intlify/core-base": "9.14.4",
        "@intlify/shared": "9.14.4",
        "@vue/devtools-api": "^6.5.0"
      },
      "engines": {
        "node": ">= 16"
      },
      "funding": {
        "url": "https://github.com/sponsors/kazupon"
      },
      "peerDependencies": {
        "vue": "^3.0.0"
      }
    },
    "node_modules/vue-i18n/node_modules/@vue/devtools-api": {
      "version": "6.6.4",
      "resolved": "https://registry.npmmirror.com/@vue/devtools-api/-/devtools-api-6.6.4.tgz",
      "integrity": "sha512-sGhTPMuXqZ1rVOk32RylztWkfXTRhuS7vgAKv0zjqk8gbsHkJ7xfFf+jbySxt7tWObEJwyKaHMikV/WGDiQm8g==",
      "license": "MIT"
    },
    "node_modules/vue-router": {
      "version": "4.5.1",
      "license": "MIT",
      "dependencies": {
        "@vue/devtools-api": "^6.6.4"
      },
      "funding": {
        "url": "https://github.com/sponsors/posva"
      },
      "peerDependencies": {
        "vue": "^3.2.0"
      }
    },
    "node_modules/vue-router/node_modules/@vue/devtools-api": {
      "version": "6.6.4",
      "license": "MIT"
    },
    "node_modules/vue-tsc": {
      "version": "2.2.10",
      "dev": true,
      "license": "MIT",
      "dependencies": {
        "@volar/typescript": "~2.4.11",
        "@vue/language-core": "2.2.10"
      },
      "bin": {
        "vue-tsc": "bin/vue-tsc.js"
      },
      "peerDependencies": {
        "typescript": ">=5.0.0"
      }
    },
    "node_modules/webpack-virtual-modules": {
      "version": "0.6.2",
      "license": "MIT"
    }
  }
}
